
Microsoft Visual Studio Solution File, Format Version 12.00
# Visual Studio Version 17
VisualStudioVersion = 17.7.34024.191
MinimumVisualStudioVersion = 10.0.40219.1
Project("{FAE04EC0-301F-11D3-BF4B-00C04F79EFBC}") = "Chronometer", "Chronometer\Chronometer.csproj", "{8D23F3AC-8A86-407A-B06C-F5FD5FC9065B}"
EndProject
Global
	GlobalSection(SolutionConfigurationPlatforms) = preSolution
		Debug|Any CPU = Debug|Any CPU
		Release|Any CPU = Release|Any CPU
	EndGlobalSection
	GlobalSection(ProjectConfigurationPlatforms) = postSolution
		{8D23F3AC-8A86-407A-B06C-F5FD5FC9065B}.Debug|Any CPU.ActiveCfg = Debug|Any CPU
		{8D23F3AC-8A86-407A-B06C-F5FD5FC9065B}.Debug|Any CPU.Build.0 = Debug|Any CPU
		{8D23F3AC-8A86-407A-B06C-F5FD5FC9065B}.Release|Any CPU.ActiveCfg = Release|Any CPU
		{8D23F3AC-8A86-407A-B06C-F5FD5FC9065B}.Release|Any CPU.Build.0 = Release|Any CPU
	EndGlobalSection
	GlobalSection(SolutionProperties) = preSolution
		HideSolutionNode = FALSE
	EndGlobalSection
	GlobalSection(ExtensibilityGlobals) = postSolution
		SolutionGuid = {0537505B-D2A0-499D-951F-D48730498933}
	EndGlobalSection
EndGlobal
